
Microsoft Visual Studio Solution File, Format Version 12.00
# Visual Studio 15
VisualStudioVersion = 15.0.28010.2016
MinimumVisualStudioVersion = 10.0.40219.1
Project("{FAE04EC0-301F-11D3-BF4B-00C04F79EFBC}") = "ex4", "ex4\ex4.csproj", "{CE652F24-5F2A-47ED-B109-7812999DF8C3}"
EndProject
Global
	GlobalSection(SolutionConfigurationPlatforms) = preSolution
		Debug|Any CPU = Debug|Any CPU
		Release|Any CPU = Release|Any CPU
	EndGlobalSection
	GlobalSection(ProjectConfigurationPlatforms) = postSolution
		{CE652F24-5F2A-47ED-B109-7812999DF8C3}.Debug|Any CPU.ActiveCfg = Debug|Any CPU
		{CE652F24-5F2A-47ED-B109-7812999DF8C3}.Debug|Any CPU.Build.0 = Debug|Any CPU
		{CE652F24-5F2A-47ED-B109-7812999DF8C3}.Release|Any CPU.ActiveCfg = Release|Any CPU
		{CE652F24-5F2A-47ED-B109-7812999DF8C3}.Release|Any CPU.Build.0 = Release|Any CPU
	EndGlobalSection
	GlobalSection(SolutionProperties) = preSolution
		HideSolutionNode = FALSE
	EndGlobalSection
	GlobalSection(ExtensibilityGlobals) = postSolution
		SolutionGuid = {288F80CB-0DF2-441D-B083-ABA905EF26EC}
	EndGlobalSection
EndGlobal
